
Microsoft Visual Studio Solution File, Format Version 12.00
# Visual Studio Version 17
VisualStudioVersion = 17.10.34928.147
MinimumVisualStudioVersion = 10.0.40219.1
Project("{FAE04EC0-301F-11D3-BF4B-00C04F79EFBC}") = "Demo", "Demo\Demo.csproj", "{20642EA5-0F32-44F2-A372-3AB93A91E0D4}"
EndProject
Global
	GlobalSection(SolutionConfigurationPlatforms) = preSolution
		Debug|Any CPU = Debug|Any CPU
		Release|Any CPU = Release|Any CPU
	EndGlobalSection
	GlobalSection(ProjectConfigurationPlatforms) = postSolution
		{20642EA5-0F32-44F2-A372-3AB93A91E0D4}.Debug|Any CPU.ActiveCfg = Debug|Any CPU
		{20642EA5-0F32-44F2-A372-3AB93A91E0D4}.Debug|Any CPU.Build.0 = Debug|Any CPU
		{20642EA5-0F32-44F2-A372-3AB93A91E0D4}.Release|Any CPU.ActiveCfg = Release|Any CPU
		{20642EA5-0F32-44F2-A372-3AB93A91E0D4}.Release|Any CPU.Build.0 = Release|Any CPU
	EndGlobalSection
	GlobalSection(SolutionProperties) = preSolution
		HideSolutionNode = FALSE
	EndGlobalSection
	GlobalSection(ExtensibilityGlobals) = postSolution
		SolutionGuid = {FB1B60A0-61A0-4768-9CA0-5F59D1FC8349}
	EndGlobalSection
EndGlobal
